
Microsoft Visual Studio Solution File, Format Version 12.00
# Visual Studio Version 17
VisualStudioVersion = 17.5.33627.172
MinimumVisualStudioVersion = 10.0.40219.1
Project("{8BC9CEB8-8B4A-11D0-8D11-00A0C91BC942}") = "SAE.5300F1RA", "SAE.5300F1RA\SAE.5300F1RA.vcxproj", "{864811C2-E0DF-471D-B022-0780660A806C}"
EndProject
Global
	GlobalSection(SolutionConfigurationPlatforms) = preSolution
		Debug|x64 = Debug|x64
		Debug|x86 = Debug|x86
		Release|x64 = Release|x64
		Release|x86 = Release|x86
	EndGlobalSection
	GlobalSection(ProjectConfigurationPlatforms) = postSolution
		{864811C2-E0DF-471D-B022-0780660A806C}.Debug|x64.ActiveCfg = Debug|x64
		{864811C2-E0DF-471D-B022-0780660A806C}.Debug|x64.Build.0 = Debug|x64
		{864811C2-E0DF-471D-B022-0780660A806C}.Debug|x86.ActiveCfg = Debug|Win32
		{864811C2-E0DF-471D-B022-0780660A806C}.Debug|x86.Build.0 = Debug|Win32
		{864811C2-E0DF-471D-B022-0780660A806C}.Release|x64.ActiveCfg = Release|x64
		{864811C2-E0DF-471D-B022-0780660A806C}.Release|x64.Build.0 = Release|x64
		{864811C2-E0DF-471D-B022-0780660A806C}.Release|x86.ActiveCfg = Release|Win32
		{864811C2-E0DF-471D-B022-0780660A806C}.Release|x86.Build.0 = Release|Win32
	EndGlobalSection
	GlobalSection(SolutionProperties) = preSolution
		HideSolutionNode = FALSE
	EndGlobalSection
	GlobalSection(ExtensibilityGlobals) = postSolution
		SolutionGuid = {E639C7BA-6AFF-4959-9D38-D2D65DBCDD2E}
	EndGlobalSection
EndGlobal
